
Microsoft Visual Studio Solution File, Format Version 12.00
# Visual Studio 15
VisualStudioVersion = 15.0.36101.20
MinimumVisualStudioVersion = 10.0.40219.1
Project("{FAE04EC0-301F-11D3-BF4B-00C04F79EFBC}") = "PopCornBooking", "PopCornBooking-D'AmicoStanziano\PopCornBooking.csproj", "{1022B503-E2D6-40ED-A6CE-E64F172E708F}"
EndProject
Global
	GlobalSection(SolutionConfigurationPlatforms) = preSolution
		Debug|Any CPU = Debug|Any CPU
		Release|Any CPU = Release|Any CPU
	EndGlobalSection
	GlobalSection(ProjectConfigurationPlatforms) = postSolution
		{1022B503-E2D6-40ED-A6CE-E64F172E708F}.Debug|Any CPU.ActiveCfg = Debug|Any CPU
		{1022B503-E2D6-40ED-A6CE-E64F172E708F}.Debug|Any CPU.Build.0 = Debug|Any CPU
		{1022B503-E2D6-40ED-A6CE-E64F172E708F}.Release|Any CPU.ActiveCfg = Release|Any CPU
		{1022B503-E2D6-40ED-A6CE-E64F172E708F}.Release|Any CPU.Build.0 = Release|Any CPU
	EndGlobalSection
	GlobalSection(SolutionProperties) = preSolution
		HideSolutionNode = FALSE
	EndGlobalSection
	GlobalSection(ExtensibilityGlobals) = postSolution
		SolutionGuid = {48C1F973-C2B1-4BA5-86A6-6331A6BC8E93}
	EndGlobalSection
EndGlobal
